{
  "version": 4,
  "terraform_version": "1.16.1",
  "serial": 80,
  "lineage": "6cbfe995-0898-16f3-b3bb-9ef2d16a260e",
  "outputs": {
    "information": {
      "value": {
        "vpc_id": "vpc-068ab4276690f87f8",
        "vpc_security_groups_ids": [
          "sg-03c38b1d524b5e020",
          "sg-0cd0e5c3b9f04c8b0"
        ]
      },
      "type": [
        "object",
        {
          "vpc_id": "string",
          "vpc_security_groups_ids": [
            "list",
            "string"
          ]
        }
      ]
    }
  },
  "resources": [
    {
      "mode": "data",
      "type": "aws_ami",
      "name": "al2023",
      "provider": "provider[\"registry.terraform.io/hashicorp/aws\"]",
      "instances": [
        {
          "schema_version": 0,
          "attributes": {
            "allow_unsafe_filter": null,
            "architecture": "x86_64",
            "arn": "arn:aws:ec2:us-west-2::image/ami-0661cce2d6259c605",
            "block_device_mappings": [
              {
                "device_name": "/dev/xvda",
                "ebs": {
                  "delete_on_termination": "true",
                  "encrypted": "false",
                  "iops": "3000",
                  "snapshot_id": "snap-0aef398c4ed65914b",
                  "throughput": "125",
                  "volume_initialization_rate": "0",
                  "volume_size": "8",
                  "volume_type": "gp3"
                },
                "no_device": "",
                "virtual_name": ""
              }
            ],
            "boot_mode": "uefi-preferred",
            "creation_date": "2026-09-18T04:36:59.000Z",
            "deprecation_time": "2026-12-17T04:37:00.000Z",
            "description": "Amazon Linux 2023 AMI 2023.12.20260918.0 x86_64 HVM kernel-6.1",
            "ena_support": true,
            "executable_users": null,
            "filter": [
              {
                "name": "name",
                "values": [
                  "al2023-ami-2023.*-x86_64"
                ]
              }
            ],
            "hypervisor": "xen",
            "id": "ami-0661cce2d6259c605",
            "image_id": "ami-0661cce2d6259c605",
            "image_location": "amazon/al2023-ami-2023.12.20260918.0-kernel-6.1-x86_64",
            "image_owner_alias": "amazon",
            "image_type": "machine",
            "imds_support": "v2.0",
            "include_deprecated": false,
            "kernel_id": "",
            "last_launched_time": "",
            "most_recent": true,
            "name": "al2023-ami-2023.12.20260918.0-kernel-6.1-x86_64",
            "name_regex": null,
            "owner_id": "137112412989",
            "owners": [
              "amazon"
            ],
            "platform": "",
            "platform_details": "Linux/UNIX",
            "product_codes": [],
            "public": true,
            "ramdisk_id": "",
            "region": "us-west-2",
            "root_device_name": "/dev/xvda",
            "root_device_type": "ebs",
            "root_snapshot_id": "snap-0aef398c4ed65914b",
            "sriov_net_support": "simple",
            "state": "available",
            "state_reason": {
              "code": "UNSET",
              "message": "UNSET"
            },
            "tags": {},
            "timeouts": null,
            "tpm_support": "",
            "uefi_data": null,
            "usage_operation": "RunInstances",
            "virtualization_type": "hvm"
          },
          "sensitive_attributes": [],
          "identity_schema_version": 0
        }
      ]
    },
    {
      "mode": "data",
      "type": "aws_security_groups",
      "name": "security_groups",
      "provider": "provider[\"registry.terraform.io/hashicorp/aws\"]",
      "instances": [
        {
          "schema_version": 0,
          "attributes": {
            "arns": [
              "arn:aws:ec2:us-west-2:925047940866:security-group/sg-03c38b1d524b5e020",
              "arn:aws:ec2:us-west-2:925047940866:security-group/sg-0cd0e5c3b9f04c8b0"
            ],
            "filter": [
              {
                "name": "tag:Name",
                "values": [
                  "external-alb-sg",
                  "internal-ssh-sg"
                ]
              }
            ],
            "id": "us-west-2",
            "ids": [
              "sg-03c38b1d524b5e020",
              "sg-0cd0e5c3b9f04c8b0"
            ],
            "region": "us-west-2",
            "tags": null,
            "timeouts": null,
            "vpc_ids": [
              "vpc-068ab4276690f87f8",
              "vpc-068ab4276690f87f8"
            ]
          },
          "sensitive_attributes": [],
          "identity_schema_version": 0
        }
      ]
    },
    {
      "mode": "data",
      "type": "aws_subnets",
      "name": "target_subnets",
      "provider": "provider[\"registry.terraform.io/hashicorp/aws\"]",
      "instances": [
        {
          "schema_version": 0,
          "attributes": {
            "filter": [
              {
                "name": "tag:Type",
                "values": [
                  "private"
                ]
              },
              {
                "name": "vpc-id",
                "values": [
                  "vpc-068ab4276690f87f8"
                ]
              }
            ],
            "id": "us-west-2",
            "ids": [
              "subnet-00dff49ccd6b4fb5a",
              "subnet-0a16d7b24c656d208",
              "subnet-042fcd6a1be1a18fe"
            ],
            "region": "us-west-2",
            "tags": null,
            "timeouts": null
          },
          "sensitive_attributes": [],
          "identity_schema_version": 0
        }
      ]
    },
    {
      "mode": "data",
      "type": "aws_vpc",
      "name": "vpc",
      "provider": "provider[\"registry.terraform.io/hashicorp/aws\"]",
      "instances": [
        {
          "schema_version": 0,
          "attributes": {
            "arn": "arn:aws:ec2:us-west-2:925047940866:vpc/vpc-068ab4276690f87f8",
            "cidr_block": "10.0.0.0/16",
            "cidr_block_associations": [
              {
                "association_id": "vpc-cidr-assoc-0c012d1dd72366e51",
                "cidr_block": "10.0.0.0/16",
                "state": "associated"
              }
            ],
            "default": false,
            "dhcp_options_id": "dopt-0edf287c07591b5f4",
            "enable_dns_hostnames": true,
            "enable_dns_support": true,
            "enable_network_address_usage_metrics": false,
            "filter": [
              {
                "name": "tag:Name",
                "values": [
                  "std19-ex8-vpc"
                ]
              }
            ],
            "id": "vpc-068ab4276690f87f8",
            "instance_tenancy": "default",
            "ipv6_association_id": "",
            "ipv6_cidr_block": "",
            "ipv6_cidr_block_associations": [],
            "main_route_table_id": "rtb-01d2eddf50579095c",
            "owner_id": "925047940866",
            "region": "us-west-2",
            "state": null,
            "tags": {
              "Name": "std19-ex8-vpc"
            },
            "timeouts": null
          },
          "sensitive_attributes": [],
          "identity_schema_version": 0
        }
      ]
    },
    {
      "mode": "managed",
      "type": "aws_autoscaling_group",
      "name": "asg",
      "provider": "provider[\"registry.terraform.io/hashicorp/aws\"]",
      "instances": [
        {
          "schema_version": 1,
          "attributes": {
            "arn": "arn:aws:autoscaling:us-west-2:925047940866:autoScalingGroup:b7cf04b2-abee-4020-9063-8c9a242ccb18:autoScalingGroupName/std19-ex8-codedeploy-asg",
            "availability_zone_distribution": [
              {
                "capacity_distribution_strategy": "balanced-best-effort"
              }
            ],
            "availability_zones": [
              "us-west-2a",
              "us-west-2b",
              "us-west-2c"
            ],
            "capacity_rebalance": false,
            "capacity_reservation_specification": [
              {
                "capacity_reservation_preference": "default",
                "capacity_reservation_target": []
              }
            ],
            "context": "",
            "default_cooldown": 300,
            "default_instance_warmup": 0,
            "desired_capacity": 2,
            "desired_capacity_type": "",
            "enabled_metrics": null,
            "force_delete": false,
            "force_delete_warm_pool": false,
            "health_check_grace_period": 300,
            "health_check_type": "EC2",
            "id": "std19-ex8-codedeploy-asg",
            "ignore_failed_scaling_activities": false,
            "initial_lifecycle_hook": [],
            "instance_lifecycle_policy": [
              {
                "retention_triggers": [
                  {
                    "terminate_hook_abandon": "terminate"
                  }
                ]
              }
            ],
            "instance_maintenance_policy": [],
            "instance_refresh": [],
            "launch_configuration": "",
            "launch_template": [
              {
                "id": "lt-0fb50665013c61c21",
                "name": "std19-ex8--a11b7429620db35b360d46b56e",
                "version": "$Latest"
              }
            ],
            "load_balancers": [],
            "max_instance_lifetime": 0,
            "max_size": 3,
            "metrics_granularity": "1Minute",
            "min_elb_capacity": null,
            "min_size": 1,
            "mixed_instances_policy": [],
            "name": "std19-ex8-codedeploy-asg",
            "name_prefix": "",
            "placement_group": "",
            "predicted_capacity": 0,
            "protect_from_scale_in": false,
            "region": "us-west-2",
            "service_linked_role_arn": "arn:aws:iam::925047940866:role/aws-service-role/autoscaling.amazonaws.com/AWSServiceRoleForAutoScaling",
            "suspended_processes": null,
            "tag": [],
            "target_group_arns": [],
            "termination_policies": null,
            "timeouts": null,
            "traffic_source": [],
            "vpc_zone_identifier": [
              "subnet-00dff49ccd6b4fb5a",
              "subnet-042fcd6a1be1a18fe",
              "subnet-0a16d7b24c656d208"
            ],
            "wait_for_capacity_timeout": "10m",
            "wait_for_elb_capacity": null,
            "warm_pool": [],
            "warm_pool_size": 0
          },
          "sensitive_attributes": [],
          "identity_schema_version": 0,
          "identity": {
            "account_id": "925047940866",
            "name": "std19-ex8-codedeploy-asg",
            "region": "us-west-2"
          },
          "private": "eyJlMmJmYjczMC1lY2FhLTExZTYtOGY4OC0zNDM2M2JjN2M0YzAiOnsiZGVsZXRlIjo2MDAwMDAwMDAwMDAsInVwZGF0ZSI6NjAwMDAwMDAwMDAwfSwic2NoZW1hX3ZlcnNpb24iOiIxIn0=",
          "dependencies": [
            "aws_iam_instance_profile.node_profile_asg",
            "aws_iam_role.node_role_asg",
            "aws_launch_template.asg_lt",
            "data.aws_ami.al2023",
            "data.aws_security_groups.security_groups",
            "data.aws_subnets.target_subnets",
            "data.aws_vpc.vpc"
          ]
        }
      ]
    },
    {
      "mode": "managed",
      "type": "aws_codedeploy_app",
      "name": "app",
      "provider": "provider[\"registry.terraform.io/hashicorp/aws\"]",
      "instances": [
        {
          "schema_version": 0,
          "attributes": {
            "application_id": "6b98083f-a122-485a-b97b-62279d9a8880",
            "arn": "arn:aws:codedeploy:us-west-2:925047940866:application:std19-ex8-asg-codedeploy-app",
            "compute_platform": "Server",
            "github_account_name": "",
            "id": "6b98083f-a122-485a-b97b-62279d9a8880:std19-ex8-asg-codedeploy-app",
            "linked_to_github": false,
            "name": "std19-ex8-asg-codedeploy-app",
            "region": "us-west-2",
            "tags": null,
            "tags_all": {}
          },
          "sensitive_attributes": [],
          "identity_schema_version": 0,
          "private": "bnVsbA=="
        }
      ]
    },
    {
      "mode": "managed",
      "type": "aws_codedeploy_deployment_group",
      "name": "dg",
      "provider": "provider[\"registry.terraform.io/hashicorp/aws\"]",
      "instances": [
        {
          "schema_version": 0,
          "attributes": {
            "alarm_configuration": [],
            "app_name": "std19-ex8-asg-codedeploy-app",
            "arn": "arn:aws:codedeploy:us-west-2:925047940866:deploymentgroup:std19-ex8-asg-codedeploy-app/std19-ex8-asg-deployment-group",
            "auto_rollback_configuration": [],
            "autoscaling_groups": [
              "std19-ex8-codedeploy-asg"
            ],
            "blue_green_deployment_config": [],
            "compute_platform": "Server",
            "deployment_config_name": "CodeDeployDefault.AllAtOnce",
            "deployment_group_id": "13bb0b94-80c3-4e15-bcd3-0ababde2bd9d",
            "deployment_group_name": "std19-ex8-asg-deployment-group",
            "deployment_style": [
              {
                "deployment_option": "WITHOUT_TRAFFIC_CONTROL",
                "deployment_type": "IN_PLACE"
              }
            ],
            "ec2_tag_filter": [],
            "ec2_tag_set": [],
            "ecs_service": [],
            "id": "13bb0b94-80c3-4e15-bcd3-0ababde2bd9d",
            "load_balancer_info": [],
            "on_premises_instance_tag_filter": [],
            "outdated_instances_strategy": "UPDATE",
            "region": "us-west-2",
            "service_role_arn": "arn:aws:iam::925047940866:role/std19-ex8-AmazonCodeDeployService-Role",
            "tags": null,
            "tags_all": {},
            "termination_hook_enabled": false,
            "trigger_configuration": []
          },
          "sensitive_attributes": [],
          "identity_schema_version": 0,
          "private": "bnVsbA==",
          "dependencies": [
            "aws_autoscaling_group.asg",
            "aws_codedeploy_app.app",
            "aws_iam_instance_profile.node_profile_asg",
            "aws_iam_role.codedeploy_role",
            "aws_iam_role.node_role_asg",
            "aws_launch_template.asg_lt",
            "data.aws_ami.al2023",
            "data.aws_security_groups.security_groups",
            "data.aws_subnets.target_subnets",
            "data.aws_vpc.vpc"
          ]
        }
      ]
    },
    {
      "mode": "managed",
      "type": "aws_codepipeline",
      "name": "codepipeline",
      "provider": "provider[\"registry.terraform.io/hashicorp/aws\"]",
      "instances": [
        {
          "schema_version": 0,
          "attributes": {
            "arn": "arn:aws:codepipeline:us-west-2:925047940866:std19-ex8-asg-cicd-pipeline",
            "artifact_store": [
              {
                "encryption_key": [],
                "location": "std19-ex8-pipeline-bucket-6ded90a2",
                "region": "",
                "type": "S3"
              }
            ],
            "execution_mode": "SUPERSEDED",
            "id": "std19-ex8-asg-cicd-pipeline",
            "name": "std19-ex8-asg-cicd-pipeline",
            "pipeline_type": "V1",
            "region": "us-west-2",
            "role_arn": "arn:aws:iam::925047940866:role/std19-ex8-AmazonCodePipelineService-Role",
            "stage": [
              {
                "action": [
                  {
                    "category": "Source",
                    "commands": null,
                    "configuration": {
                      "BranchName": "main",
                      "ConnectionArn": "arn:aws:codestar-connections:us-west-2:925047940866:connection/12fbd72f-a928-4d17-a2ba-4c4ee059b67a",
                      "FullRepositoryId": "hyeon2-dev/ex9-codepipeline"
                    },
                    "input_artifacts": null,
                    "name": "Source",
                    "namespace": "",
                    "output_artifacts": [
                      "source_output"
                    ],
                    "output_artifacts_for_compute_action": [],
                    "output_variables": null,
                    "owner": "AWS",
                    "provider": "CodeStarSourceConnection",
                    "region": "",
                    "role_arn": "",
                    "run_order": 1,
                    "timeout_in_minutes": 0,
                    "version": "1"
                  }
                ],
                "before_entry": [],
                "name": "Source",
                "on_failure": [],
                "on_success": []
              },
              {
                "action": [
                  {
                    "category": "Deploy",
                    "commands": null,
                    "configuration": {
                      "ApplicationName": "std19-ex8-asg-codedeploy-app",
                      "DeploymentGroupName": "std19-ex8-asg-deployment-group"
                    },
                    "input_artifacts": [
                      "source_output"
                    ],
                    "name": "Deploy",
                    "namespace": "",
                    "output_artifacts": null,
                    "output_artifacts_for_compute_action": [],
                    "output_variables": null,
                    "owner": "AWS",
                    "provider": "CodeDeploy",
                    "region": "",
                    "role_arn": "",
                    "run_order": 1,
                    "timeout_in_minutes": 0,
                    "version": "1"
                  }
                ],
                "before_entry": [],
                "name": "Deploy",
                "on_failure": [],
                "on_success": []
              }
            ],
            "tags": null,
            "tags_all": {},
            "trigger": [],
            "trigger_all": [],
            "variable": []
          },
          "sensitive_attributes": [],
          "identity_schema_version": 0,
          "identity": {
            "account_id": "925047940866",
            "name": "std19-ex8-asg-cicd-pipeline",
            "region": "us-west-2"
          },
          "private": "bnVsbA==",
          "dependencies": [
            "aws_autoscaling_group.asg",
            "aws_codedeploy_app.app",
            "aws_codedeploy_deployment_group.dg",
            "aws_codestarconnections_connection.github",
            "aws_iam_instance_profile.node_profile_asg",
            "aws_iam_role.codedeploy_role",
            "aws_iam_role.codepipeline_role",
            "aws_iam_role.node_role_asg",
            "aws_launch_template.asg_lt",
            "aws_s3_bucket.pipeline_bucket",
            "data.aws_ami.al2023",
            "data.aws_security_groups.security_groups",
            "data.aws_subnets.target_subnets",
            "data.aws_vpc.vpc",
            "random_id.bucket_suffic"
          ]
        }
      ]
    },
    {
      "mode": "managed",
      "type": "aws_codestarconnections_connection",
      "name": "github",
      "provider": "provider[\"registry.terraform.io/hashicorp/aws\"]",
      "instances": [
        {
          "schema_version": 0,
          "attributes": {
            "arn": "arn:aws:codestar-connections:us-west-2:925047940866:connection/12fbd72f-a928-4d17-a2ba-4c4ee059b67a",
            "connection_status": "PENDING",
            "host_arn": "",
            "id": "arn:aws:codestar-connections:us-west-2:925047940866:connection/12fbd72f-a928-4d17-a2ba-4c4ee059b67a",
            "name": "std19-ex8-github-connection",
            "provider_type": "GitHub",
            "region": "us-west-2",
            "tags": null,
            "tags_all": {}
          },
          "sensitive_attributes": [],
          "identity_schema_version": 0,
          "identity": {
            "arn": "arn:aws:codestar-connections:us-west-2:925047940866:connection/12fbd72f-a928-4d17-a2ba-4c4ee059b67a"
          },
          "private": "bnVsbA=="
        }
      ]
    },
    {
      "mode": "managed",
      "type": "aws_iam_instance_profile",
      "name": "node_profile_asg",
      "provider": "provider[\"registry.terraform.io/hashicorp/aws\"]",
      "instances": [
        {
          "schema_version": 0,
          "attributes": {
            "arn": "arn:aws:iam::925047940866:instance-profile/std19-ex8-ASGNodeInstance-profile",
            "create_date": "2026-09-22T00:46:19Z",
            "id": "std19-ex8-ASGNodeInstance-profile",
            "name": "std19-ex8-ASGNodeInstance-profile",
            "name_prefix": "",
            "path": "/",
            "role": "std19-ex8-AmazonASGNodeEC2-Role",
            "tags": null,
            "tags_all": {},
            "unique_id": "AIPA5OYJHM4BN2WJL2KUK"
          },
          "sensitive_attributes": [],
          "identity_schema_version": 0,
          "identity": {
            "account_id": "925047940866",
            "name": "std19-ex8-ASGNodeInstance-profile"
          },
          "private": "bnVsbA==",
          "dependencies": [
            "aws_iam_role.node_role_asg"
          ]
        }
      ]
    },
    {
      "mode": "managed",
      "type": "aws_iam_role",
      "name": "codedeploy_role",
      "provider": "provider[\"registry.terraform.io/hashicorp/aws\"]",
      "instances": [
        {
          "schema_version": 0,
          "attributes": {
            "arn": "arn:aws:iam::925047940866:role/std19-ex8-AmazonCodeDeployService-Role",
            "assume_role_policy": "{\"Statement\":[{\"Action\":\"sts:AssumeRole\",\"Effect\":\"Allow\",\"Principal\":{\"Service\":\"codedeploy.amazonaws.com\"}}],\"Version\":\"2012-10-17\"}",
            "create_date": "2026-09-22T00:46:18Z",
            "description": "",
            "force_detach_policies": false,
            "id": "std19-ex8-AmazonCodeDeployService-Role",
            "inline_policy": [],
            "managed_policy_arns": [],
            "max_session_duration": 3600,
            "name": "std19-ex8-AmazonCodeDeployService-Role",
            "name_prefix": "",
            "path": "/",
            "permissions_boundary": "",
            "tags": null,
            "tags_all": {},
            "unique_id": "AROA5OYJHM4BGHYAA7FXT"
          },
          "sensitive_attributes": [],
          "identity_schema_version": 0,
          "identity": {
            "account_id": "925047940866",
            "name": "std19-ex8-AmazonCodeDeployService-Role"
          },
          "private": "bnVsbA=="
        }
      ]
    },
    {
      "mode": "managed",
      "type": "aws_iam_role",
      "name": "codepipeline_role",
      "provider": "provider[\"registry.terraform.io/hashicorp/aws\"]",
      "instances": [
        {
          "schema_version": 0,
          "attributes": {
            "arn": "arn:aws:iam::925047940866:role/std19-ex8-AmazonCodePipelineService-Role",
            "assume_role_policy": "{\"Statement\":[{\"Action\":\"sts:AssumeRole\",\"Effect\":\"Allow\",\"Principal\":{\"Service\":\"codepipeline.amazonaws.com\"}}],\"Version\":\"2012-10-17\"}",
            "create_date": "2026-09-22T00:46:18Z",
            "description": "",
            "force_detach_policies": false,
            "id": "std19-ex8-AmazonCodePipelineService-Role",
            "inline_policy": [],
            "managed_policy_arns": [],
            "max_session_duration": 3600,
            "name": "std19-ex8-AmazonCodePipelineService-Role",
            "name_prefix": "",
            "path": "/",
            "permissions_boundary": "",
            "tags": null,
            "tags_all": {},
            "unique_id": "AROA5OYJHM4BJTPCU5G6K"
          },
          "sensitive_attributes": [],
          "identity_schema_version": 0,
          "identity": {
            "account_id": "925047940866",
            "name": "std19-ex8-AmazonCodePipelineService-Role"
          },
          "private": "bnVsbA=="
        }
      ]
    },
    {
      "mode": "managed",
      "type": "aws_iam_role",
      "name": "node_role_asg",
      "provider": "provider[\"registry.terraform.io/hashicorp/aws\"]",
      "instances": [
        {
          "schema_version": 0,
          "attributes": {
            "arn": "arn:aws:iam::925047940866:role/std19-ex8-AmazonASGNodeEC2-Role",
            "assume_role_policy": "{\"Statement\":[{\"Action\":\"sts:AssumeRole\",\"Effect\":\"Allow\",\"Principal\":{\"Service\":\"ec2.amazonaws.com\"}}],\"Version\":\"2012-10-17\"}",
            "create_date": "2026-09-22T00:46:18Z",
            "description": "",
            "force_detach_policies": false,
            "id": "std19-ex8-AmazonASGNodeEC2-Role",
            "inline_policy": [],
            "managed_policy_arns": [],
            "max_session_duration": 3600,
            "name": "std19-ex8-AmazonASGNodeEC2-Role",
            "name_prefix": "",
            "path": "/",
            "permissions_boundary": "",
            "tags": null,
            "tags_all": {},
            "unique_id": "AROA5OYJHM4BHPWYPK2PR"
          },
          "sensitive_attributes": [],
          "identity_schema_version": 0,
          "identity": {
            "account_id": "925047940866",
            "name": "std19-ex8-AmazonASGNodeEC2-Role"
          },
          "private": "bnVsbA=="
        }
      ]
    },
    {
      "mode": "managed",
      "type": "aws_iam_role_policy",
      "name": "codepipeline_policy",
      "provider": "provider[\"registry.terraform.io/hashicorp/aws\"]",
      "instances": [
        {
          "schema_version": 0,
          "attributes": {
            "id": "std19-ex8-AmazonCodePipelineService-Role:std19-ex8-CodePipelineServicePolicy",
            "name": "std19-ex8-CodePipelineServicePolicy",
            "name_prefix": "",
            "policy": "{\"Version\":\"2012-10-17\",\"Statement\":[{\"Action\":[\"s3:GetObject\",\"s3:PutObjectAcl\",\"s3:GetObjectVersion\",\"s3:GetBucketVersioning\",\"s3:PutObject\"],\"Effect\":\"Allow\",\"Resource\":\"*\"},{\"Action\":[\"codebuild:BatchGetBuilds\",\"codebuild:StartBuild\"],\"Effect\":\"Allow\",\"Resource\":\"*\"},{\"Action\":[\"codedeploy:CreateDeployment\",\"codedeploy:GetApplication\",\"codedeploy:GetApplicationRevision\",\"codedeploy:GetDeployment\",\"codedeploy:GetDeploymentConfig\",\"codedeploy:RegisterApplicationRevision\"],\"Effect\":\"Allow\",\"Resource\":\"*\"}]}",
            "role": "std19-ex8-AmazonCodePipelineService-Role"
          },
          "sensitive_attributes": [],
          "identity_schema_version": 0,
          "identity": {
            "account_id": "925047940866",
            "name": "std19-ex8-CodePipelineServicePolicy",
            "role": "std19-ex8-AmazonCodePipelineService-Role"
          },
          "private": "bnVsbA==",
          "dependencies": [
            "aws_iam_role.codepipeline_role"
          ]
        }
      ]
    },
    {
      "mode": "managed",
      "type": "aws_iam_role_policy_attachment",
      "name": "codedeploy_policy",
      "provider": "provider[\"registry.terraform.io/hashicorp/aws\"]",
      "instances": [
        {
          "schema_version": 0,
          "attributes": {
            "id": "std19-ex8-AmazonCodeDeployService-Role/arn:aws:iam::aws:policy/service-role/AWSCodeDeployRole",
            "policy_arn": "arn:aws:iam::aws:policy/service-role/AWSCodeDeployRole",
            "role": "std19-ex8-AmazonCodeDeployService-Role"
          },
          "sensitive_attributes": [],
          "identity_schema_version": 0,
          "identity": {
            "account_id": "925047940866",
            "policy_arn": "arn:aws:iam::aws:policy/service-role/AWSCodeDeployRole",
            "role": "std19-ex8-AmazonCodeDeployService-Role"
          },
          "private": "bnVsbA==",
          "dependencies": [
            "aws_iam_role.codedeploy_role"
          ]
        }
      ]
    },
    {
      "mode": "managed",
      "type": "aws_iam_role_policy_attachment",
      "name": "node_policies_asg",
      "provider": "provider[\"registry.terraform.io/hashicorp/aws\"]",
      "instances": [
        {
          "index_key": "arn:aws:iam::aws:policy/AmazonEC2ContainerRegistryReadOnly",
          "schema_version": 0,
          "attributes": {
            "id": "std19-ex8-AmazonASGNodeEC2-Role/arn:aws:iam::aws:policy/AmazonEC2ContainerRegistryReadOnly",
            "policy_arn": "arn:aws:iam::aws:policy/AmazonEC2ContainerRegistryReadOnly",
            "role": "std19-ex8-AmazonASGNodeEC2-Role"
          },
          "sensitive_attributes": [],
          "identity_schema_version": 0,
          "identity": {
            "account_id": "925047940866",
            "policy_arn": "arn:aws:iam::aws:policy/AmazonEC2ContainerRegistryReadOnly",
            "role": "std19-ex8-AmazonASGNodeEC2-Role"
          },
          "private": "bnVsbA==",
          "dependencies": [
            "aws_iam_role.node_role_asg"
          ]
        },
        {
          "index_key": "arn:aws:iam::aws:policy/AmazonS3ReadOnlyAccess",
          "schema_version": 0,
          "attributes": {
            "id": "std19-ex8-AmazonASGNodeEC2-Role/arn:aws:iam::aws:policy/AmazonS3ReadOnlyAccess",
            "policy_arn": "arn:aws:iam::aws:policy/AmazonS3ReadOnlyAccess",
            "role": "std19-ex8-AmazonASGNodeEC2-Role"
          },
          "sensitive_attributes": [],
          "identity_schema_version": 0,
          "identity": {
            "account_id": "925047940866",
            "policy_arn": "arn:aws:iam::aws:policy/AmazonS3ReadOnlyAccess",
            "role": "std19-ex8-AmazonASGNodeEC2-Role"
          },
          "private": "bnVsbA==",
          "dependencies": [
            "aws_iam_role.node_role_asg"
          ]
        },
        {
          "index_key": "arn:aws:iam::aws:policy/AmazonSSMManagedInstanceCore",
          "schema_version": 0,
          "attributes": {
            "id": "std19-ex8-AmazonASGNodeEC2-Role/arn:aws:iam::aws:policy/AmazonSSMManagedInstanceCore",
            "policy_arn": "arn:aws:iam::aws:policy/AmazonSSMManagedInstanceCore",
            "role": "std19-ex8-AmazonASGNodeEC2-Role"
          },
          "sensitive_attributes": [],
          "identity_schema_version": 0,
          "identity": {
            "account_id": "925047940866",
            "policy_arn": "arn:aws:iam::aws:policy/AmazonSSMManagedInstanceCore",
            "role": "std19-ex8-AmazonASGNodeEC2-Role"
          },
          "private": "bnVsbA==",
          "dependencies": [
            "aws_iam_role.node_role_asg"
          ]
        }
      ]
    },
    {
      "mode": "managed",
      "type": "aws_launch_template",
      "name": "asg_lt",
      "provider": "provider[\"registry.terraform.io/hashicorp/aws\"]",
      "instances": [
        {
          "schema_version": 1,
          "attributes": {
            "arn": "arn:aws:ec2:us-west-2:925047940866:launch-template/lt-0fb50665013c61c21",
            "block_device_mappings": [],
            "capacity_reservation_specification": [],
            "cpu_options": [],
            "credit_specification": [],
            "default_version": 1,
            "description": "",
            "disable_api_stop": false,
            "disable_api_termination": false,
            "ebs_optimized": "",
            "enclave_options": [],
            "hibernation_options": [],
            "iam_instance_profile": [
              {
                "arn": "",
                "name": "std19-ex8-ASGNodeInstance-profile"
              }
            ],
            "id": "lt-0fb50665013c61c21",
            "image_id": "ami-0661cce2d6259c605",
            "instance_initiated_shutdown_behavior": "",
            "instance_market_options": [],
            "instance_requirements": [],
            "instance_type": "t3.small",
            "kernel_id": "",
            "key_name": "std19-key",
            "latest_version": 1,
            "license_specification": [],
            "maintenance_options": [],
            "metadata_options": [],
            "monitoring": [],
            "name": "std19-ex8--a11b7429620db35b360d46b56e",
            "name_prefix": "std19-ex8--",
            "network_interfaces": [],
            "network_performance_options": [],
            "placement": [],
            "private_dns_name_options": [],
            "ram_disk_id": "",
            "region": "us-west-2",
            "secondary_interfaces": [],
            "security_group_names": null,
            "tag_specifications": [
              {
                "resource_type": "instance",
                "tags": {
                  "Name": "std19-ex8-asg-node-instance"
                }
              }
            ],
            "tags": null,
            "tags_all": {},
            "update_default_version": true,
            "user_data": "IyEvYmluL2Jhc2gNCmRuZiB1cGRhdGUgLXkNCiMgcnVieTogQ29kZURlcGxveeyEnOu5hOyKpCDqsJzrsJwg7Ja47Ja0LCBjb2RlZGVwbG95LWFnZW50IOyEpOy5mOulvCDsnITtlbQg67CY65Oc7IucIO2VhOyalA0KZG5mIGluc3RhbGwgLXkgcnVieSB3Z2V0IGRvY2tlcg0KDQpzeXN0ZW1jdGwgc3RhcnQgZG9ja2VyDQpzeXN0ZW1jdGwgZW5hYmxlIGRvY2tlcg0KdXNlcm1vZCAtYUcgZG9ja2VyIGVjMi11c2VyDQoNCmNkIC90bXANCndnZXQgaHR0cHM6Ly9hd3MtY29kZWRlcGxveS1hcC1zb3V0aC0xLnMzLmFwLXNvdXRoLTEuYW1hem9uYXdzLmNvbS9sYXRlc3QvaW5zdGFsbA0KY2htb2QgK3ggLi9pbnN0YWxsDQouL2luc3RhbGwgYXV0bw0KDQpzeXN0ZW1jdGwgc3RhcnQgY29kZWRlcGxveS1hZ2VudA0Kc3lzdGVtY3RsIGVuYWJsZSBjb2RlZGVwbG95LWFnZW50DQo=",
            "vpc_security_group_ids": [
              "sg-03c38b1d524b5e020",
              "sg-0cd0e5c3b9f04c8b0"
            ]
          },
          "sensitive_attributes": [],
          "identity_schema_version": 0,
          "identity": {
            "account_id": "925047940866",
            "id": "lt-0fb50665013c61c21",
            "region": "us-west-2"
          },
          "private": "eyJzY2hlbWFfdmVyc2lvbiI6IjEifQ==",
          "dependencies": [
            "aws_iam_instance_profile.node_profile_asg",
            "aws_iam_role.node_role_asg",
            "data.aws_ami.al2023",
            "data.aws_security_groups.security_groups"
          ]
        }
      ]
    },
    {
      "mode": "managed",
      "type": "aws_s3_bucket",
      "name": "pipeline_bucket",
      "provider": "provider[\"registry.terraform.io/hashicorp/aws\"]",
      "instances": [
        {
          "schema_version": 0,
          "attributes": {
            "acceleration_status": "",
            "acl": null,
            "arn": "arn:aws:s3:::std19-ex8-pipeline-bucket-6ded90a2",
            "bucket": "std19-ex8-pipeline-bucket-6ded90a2",
            "bucket_domain_name": "std19-ex8-pipeline-bucket-6ded90a2.s3.amazonaws.com",
            "bucket_namespace": "global",
            "bucket_prefix": "",
            "bucket_region": "us-west-2",
            "bucket_regional_domain_name": "std19-ex8-pipeline-bucket-6ded90a2.s3.us-west-2.amazonaws.com",
            "cors_rule": [],
            "force_destroy": true,
            "grant": [
              {
                "id": "48a4998ee9dbb8c9838542304e2045249588229286098a2fe5cd3251eb0d4502",
                "permissions": [
                  "FULL_CONTROL"
                ],
                "type": "CanonicalUser",
                "uri": ""
              }
            ],
            "hosted_zone_id": "Z3BJ6K6RIION7M",
            "id": "std19-ex8-pipeline-bucket-6ded90a2",
            "lifecycle_rule": [],
            "logging": [],
            "object_lock_configuration": [],
            "object_lock_enabled": false,
            "policy": "",
            "region": "us-west-2",
            "replication_configuration": [],
            "request_payer": "BucketOwner",
            "server_side_encryption_configuration": [
              {
                "rule": [
                  {
                    "apply_server_side_encryption_by_default": [
                      {
                        "kms_master_key_id": "",
                        "sse_algorithm": "AES256"
                      }
                    ],
                    "bucket_key_enabled": false
                  }
                ]
              }
            ],
            "tags": {
              "Name": "std19-ex8-pipeline-bucket-6ded90a2"
            },
            "tags_all": {
              "Name": "std19-ex8-pipeline-bucket-6ded90a2"
            },
            "timeouts": null,
            "versioning": [
              {
                "enabled": false,
                "mfa_delete": false
              }
            ],
            "website": [],
            "website_domain": null,
            "website_endpoint": null
          },
          "sensitive_attributes": [],
          "identity_schema_version": 0,
          "identity": {
            "account_id": "925047940866",
            "bucket": "std19-ex8-pipeline-bucket-6ded90a2",
            "region": "us-west-2"
          },
          "private": "eyJlMmJmYjczMC1lY2FhLTExZTYtOGY4OC0zNDM2M2JjN2M0YzAiOnsiY3JlYXRlIjoxMjAwMDAwMDAwMDAwLCJkZWxldGUiOjM2MDAwMDAwMDAwMDAsInJlYWQiOjEyMDAwMDAwMDAwMDAsInVwZGF0ZSI6MTIwMDAwMDAwMDAwMH19",
          "dependencies": [
            "random_id.bucket_suffic"
          ]
        }
      ]
    },
    {
      "mode": "managed",
      "type": "aws_s3_bucket_public_access_block",
      "name": "pipeline_bucket_public_access",
      "provider": "provider[\"registry.terraform.io/hashicorp/aws\"]",
      "instances": [
        {
          "schema_version": 0,
          "attributes": {
            "block_public_acls": true,
            "block_public_policy": true,
            "bucket": "std19-ex8-pipeline-bucket-6ded90a2",
            "id": "std19-ex8-pipeline-bucket-6ded90a2",
            "ignore_public_acls": true,
            "region": "us-west-2",
            "restrict_public_buckets": true,
            "skip_destroy": null
          },
          "sensitive_attributes": [],
          "identity_schema_version": 0,
          "identity": {
            "account_id": "925047940866",
            "bucket": "std19-ex8-pipeline-bucket-6ded90a2",
            "region": "us-west-2"
          },
          "private": "bnVsbA==",
          "dependencies": [
            "aws_s3_bucket.pipeline_bucket",
            "random_id.bucket_suffic"
          ]
        }
      ]
    },
    {
      "mode": "managed",
      "type": "aws_s3_bucket_server_side_encryption_configuration",
      "name": "pipeline_bucket_encryption",
      "provider": "provider[\"registry.terraform.io/hashicorp/aws\"]",
      "instances": [
        {
          "schema_version": 0,
          "attributes": {
            "bucket": "std19-ex8-pipeline-bucket-6ded90a2",
            "expected_bucket_owner": "",
            "id": "std19-ex8-pipeline-bucket-6ded90a2",
            "region": "us-west-2",
            "rule": [
              {
                "apply_server_side_encryption_by_default": [
                  {
                    "kms_master_key_id": "",
                    "sse_algorithm": "AES256"
                  }
                ],
                "blocked_encryption_types": [
                  "SSE-C"
                ],
                "bucket_key_enabled": false
              }
            ]
          },
          "sensitive_attributes": [],
          "identity_schema_version": 1,
          "identity": {
            "account_id": "925047940866",
            "bucket": "std19-ex8-pipeline-bucket-6ded90a2",
            "region": "us-west-2"
          },
          "private": "bnVsbA==",
          "dependencies": [
            "aws_s3_bucket.pipeline_bucket",
            "random_id.bucket_suffic"
          ]
        }
      ]
    },
    {
      "mode": "managed",
      "type": "aws_s3_bucket_versioning",
      "name": "pipeline_bucket_versioning",
      "provider": "provider[\"registry.terraform.io/hashicorp/aws\"]",
      "instances": [
        {
          "schema_version": 0,
          "attributes": {
            "bucket": "std19-ex8-pipeline-bucket-6ded90a2",
            "expected_bucket_owner": "",
            "id": "std19-ex8-pipeline-bucket-6ded90a2",
            "mfa": null,
            "region": "us-west-2",
            "versioning_configuration": [
              {
                "mfa_delete": "Disabled",
                "status": "Enabled"
              }
            ]
          },
          "sensitive_attributes": [],
          "identity_schema_version": 1,
          "identity": {
            "account_id": "925047940866",
            "bucket": "std19-ex8-pipeline-bucket-6ded90a2",
            "region": "us-west-2"
          },
          "private": "bnVsbA==",
          "dependencies": [
            "aws_s3_bucket.pipeline_bucket",
            "random_id.bucket_suffic"
          ]
        }
      ]
    },
    {
      "mode": "managed",
      "type": "random_id",
      "name": "bucket_suffic",
      "provider": "provider[\"registry.terraform.io/hashicorp/random\"]",
      "instances": [
        {
          "schema_version": 0,
          "attributes": {
            "b64_std": "be2Qog==",
            "b64_url": "be2Qog",
            "byte_length": 4,
            "dec": "1844285602",
            "hex": "6ded90a2",
            "id": "be2Qog",
            "keepers": null,
            "prefix": null
          },
          "sensitive_attributes": [],
          "identity_schema_version": 0
        }
      ]
    }
  ],
  "check_results": null
}
